// !$*UTF8*$!
{
	archiveVersion = 1;
	classes = {
	};
	objectVersion = 50;
	objects = {

/* Begin PBXBuildFile section */
		E16D33D823D704A2005D2CF1 /* AppDelegate.swift in Sources */ = {isa = PBXBuildFile; fileRef = E16D33D723D704A2005D2CF1 /* AppDelegate.swift */; };
		E16D33DC23D704A2005D2CF1 /* MainViewController.swift in Sources */ = {isa = PBXBuildFile; fileRef = E16D33DB23D704A2005D2CF1 /* MainViewController.swift */; };
		E16D33DF23D704A2005D2CF1 /* Main.storyboard in Resources */ = {isa = PBXBuildFile; fileRef = E16D33DD23D704A2005D2CF1 /* Main.storyboard */; };
		E16D33E123D704A3005D2CF1 /* Assets.xcassets in Resources */ = {isa = PBXBuildFile; fileRef = E16D33E023D704A3005D2CF1 /* Assets.xcassets */; };
		E16D33E423D704A3005D2CF1 /* LaunchScreen.storyboard in Resources */ = {isa = PBXBuildFile; fileRef = E16D33E223D704A3005D2CF1 /* LaunchScreen.storyboard */; };
		E1C1A13423D70892001225BB /* OverlayViewController.swift in Sources */ = {isa = PBXBuildFile; fileRef = E1C1A13323D70892001225BB /* OverlayViewController.swift */; };
/* End PBXBuildFile section */

/* Begin PBXFileReference section */
		E16D33D423D704A2005D2CF1 /* Test Window View.app */ = {isa = PBXFileReference; explicitFileType = wrapper.application; includeInIndex = 0; path = "Test Window View.app"; sourceTree = BUILT_PRODUCTS_DIR; };
		E16D33D723D704A2005D2CF1 /* AppDelegate.swift */ = {isa = PBXFileReference; lastKnownFileType = sourcecode.swift; path = AppDelegate.swift; sourceTree = "<group>"; };
		E16D33DB23D704A2005D2CF1 /* MainViewController.swift */ = {isa = PBXFileReference; lastKnownFileType = sourcecode.swift; path = MainViewController.swift; sourceTree = "<group>"; };
		E16D33DE23D704A2005D2CF1 /* Base */ = {isa = PBXFileReference; lastKnownFileType = file.storyboard; name = Base; path = Base.lproj/Main.storyboard; sourceTree = "<group>"; };
		E16D33E023D704A3005D2CF1 /* Assets.xcassets */ = {isa = PBXFileReference; lastKnownFileType = folder.assetcatalog; path = Assets.xcassets; sourceTree = "<group>"; };
		E16D33E323D704A3005D2CF1 /* Base */ = {isa = PBXFileReference; lastKnownFileType = file.storyboard; name = Base; path = Base.lproj/LaunchScreen.storyboard; sourceTree = "<group>"; };
		E16D33E523D704A3005D2CF1 /* Info.plist */ = {isa = PBXFileReference; lastKnownFileType = text.plist.xml; path = Info.plist; sourceTree = "<group>"; };
		E1C1A13323D70892001225BB /* OverlayViewController.swift */ = {isa = PBXFileReference; lastKnownFileType = sourcecode.swift; path = OverlayViewController.swift; sourceTree = "<group>"; };
/* End PBXFileReference section */

/* Begin PBXFrameworksBuildPhase section */
		E16D33D123D704A2005D2CF1 /* Frameworks */ = {
			isa = PBXFrameworksBuildPhase;
			buildActionMask = 2147483647;
			files = (
			);
			runOnlyForDeploymentPostprocessing = 0;
		};
/* End PBXFrameworksBuildPhase section */

/* Begin PBXGroup section */
		E16D33CB23D704A2005D2CF1 = {
			isa = PBXGroup;
			children = (
				E16D33D623D704A2005D2CF1 /* Test Window View */,
				E16D33D523D704A2005D2CF1 /* Products */,
			);
			sourceTree = "<group>";
		};
		E16D33D523D704A2005D2CF1 /* Products */ = {
			isa = PBXGroup;
			children = (
				E16D33D423D704A2005D2CF1 /* Test Window View.app */,
			);
			name = Products;
			sourceTree = "<group>";
		};
		E16D33D623D704A2005D2CF1 /* Test Window View */ = {
			isa = PBXGroup;
			children = (
				E16D33D723D704A2005D2CF1 /* AppDelegate.swift */,
				E16D33DB23D704A2005D2CF1 /* MainViewController.swift */,
				E1C1A13323D70892001225BB /* OverlayViewController.swift */,
				E16D33DD23D704A2005D2CF1 /* Main.storyboard */,
				E16D33E023D704A3005D2CF1 /* Assets.xcassets */,
				E16D33E223D704A3005D2CF1 /* LaunchScreen.storyboard */,
				E16D33E523D704A3005D2CF1 /* Info.plist */,
			);
			path = "Test Window View";
			sourceTree = "<group>";
		};
/* End PBXGroup section */

/* Begin PBXNativeTarget section */
		E16D33D323D704A2005D2CF1 /* Test Window View */ = {
			isa = PBXNativeTarget;
			buildConfigurationList = E16D33E823D704A3005D2CF1 /* Build configuration list for PBXNativeTarget "Test Window View" */;
			buildPhases = (
				E16D33D023D704A2005D2CF1 /* Sources */,
				E16D33D123D704A2005D2CF1 /* Frameworks */,
				E16D33D223D704A2005D2CF1 /* Resources */,
			);
			buildRules = (
			);
			dependencies = (
			);
			name = "Test Window View";
			productName = "Test Window View";
			productReference = E16D33D423D704A2005D2CF1 /* Test Window View.app */;
			productType = "com.apple.product-type.application";
		};
/* End PBXNativeTarget section */

/* Begin PBXProject section */
		E16D33CC23D704A2005D2CF1 /* Project object */ = {
			isa = PBXProject;
			attributes = {
				LastSwiftUpdateCheck = 1120;
				LastUpgradeCheck = 1120;
				ORGANIZATIONNAME = "Robert Pugh";
				TargetAttributes = {
					E16D33D323D704A2005D2CF1 = {
						CreatedOnToolsVersion = 11.2.1;
					};
				};
			};
			buildConfigurationList = E16D33CF23D704A2005D2CF1 /* Build configuration list for PBXProject "Test Window View" */;
			compatibilityVersion = "Xcode 9.3";
			developmentRegion = en;
			hasScannedForEncodings = 0;
			knownRegions = (
				en,
				Base,
			);
			mainGroup = E16D33CB23D704A2005D2CF1;
			productRefGroup = E16D33D523D704A2005D2CF1 /* Products */;
			projectDirPath = "";
			projectRoot = "";
			targets = (
				E16D33D323D704A2005D2CF1 /* Test Window View */,
			);
		};
/* End PBXProject section */

/* Begin PBXResourcesBuildPhase section */
		E16D33D223D704A2005D2CF1 /* Resources */ = {
			isa = PBXResourcesBuildPhase;
			buildActionMask = 2147483647;
			files = (
				E16D33E423D704A3005D2CF1 /* LaunchScreen.storyboard in Resources */,
				E16D33E123D704A3005D2CF1 /* Assets.xcassets in Resources */,
				E16D33DF23D704A2005D2CF1 /* Main.storyboard in Resources */,
			);
			runOnlyForDeploymentPostprocessing = 0;
		};
/* End PBXResourcesBuildPhase section */

/* Begin PBXSourcesBuildPhase section */
		E16D33D023D704A2005D2CF1 /* Sources */ = {
			isa = PBXSourcesBuildPhase;
			buildActionMask = 2147483647;
			files = (
				E1C1A13423D70892001225BB /* OverlayViewController.swift in Sources */,
				E16D33DC23D704A2005D2CF1 /* MainViewController.swift in Sources */,
				E16D33D823D704A2005D2CF1 /* AppDelegate.swift in Sources */,
			);
			runOnlyForDeploymentPostprocessing = 0;
		};
/* End PBXSourcesBuildPhase section */

/* Begin PBXVariantGroup section */
		E16D33DD23D704A2005D2CF1 /* Main.storyboard */ = {
			isa = PBXVariantGroup;
			children = (
				E16D33DE23D704A2005D2CF1 /* Base */,
			);
			name = Main.storyboard;
			sourceTree = "<group>";
		};
		E16D33E223D704A3005D2CF1 /* LaunchScreen.storyboard */ = {
			isa = PBXVariantGroup;
			children = (
				E16D33E323D704A3005D2CF1 /* Base */,
			);
			name = LaunchScreen.storyboard;
			sourceTree = "<group>";
		};
/* End PBXVariantGroup section */

/* Begin XCBuildConfiguration section */
		E16D33E623D704A3005D2CF1 /* Debug */ = {
			isa = XCBuildConfiguration;
			buildSettings = {
				ALWAYS_SEARCH_USER_PATHS = NO;
				CLANG_ANALYZER_NONNULL = YES;
				CLANG_ANALYZER_NUMBER_OBJECT_CONVERSION = YES_AGGRESSIVE;
				CLANG_CXX_LANGUAGE_STANDARD = "gnu++14";
				CLANG_CXX_LIBRARY = "libc++";
				CLANG_ENABLE_MODULES = YES;
				CLANG_ENABLE_OBJC_ARC = YES;
				CLANG_ENABLE_OBJC_WEAK = YES;
				CLANG_WARN_BLOCK_CAPTURE_AUTORELEASING = YES;
				CLANG_WARN_BOOL_CONVERSION = YES;
				CLANG_WARN_COMMA = YES;
				CLANG_WARN_CONSTANT_CONVERSION = YES;
				CLANG_WARN_DEPRECATED_OBJC_IMPLEMENTATIONS = YES;
				CLANG_WARN_DIRECT_OBJC_ISA_USAGE = YES_ERROR;
				CLANG_WARN_DOCUMENTATION_COMMENTS = YES;
				CLANG_WARN_EMPTY_BODY = YES;
				CLANG_WARN_ENUM_CONVERSION = YES;
				CLANG_WARN_INFINITE_RECURSION = YES;
				CLANG_WARN_INT_CONVERSION = YES;
				CLANG_WARN_NON_LITERAL_NULL_CONVERSION = YES;
				CLANG_WARN_OBJC_IMPLICIT_RETAIN_SELF = YES;
				CLANG_WARN_OBJC_LITERAL_CONVERSION = YES;
				CLANG_WARN_OBJC_ROOT_CLASS = YES_ERROR;
				CLANG_WARN_RANGE_LOOP_ANALYSIS = YES;
				CLANG_WARN_STRICT_PROTOTYPES = YES;
				CLANG_WARN_SUSPICIOUS_MOVE = YES;
				CLANG_WARN_UNGUARDED_AVAILABILITY = YES_AGGRESSIVE;
				CLANG_WARN_UNREACHABLE_CODE = YES;
				CLANG_WARN__DUPLICATE_METHOD_MATCH = YES;
				COPY_PHASE_STRIP = NO;
				DEBUG_INFORMATION_FORMAT = dwarf;
				ENABLE_STRICT_OBJC_MSGSEND = YES;
				ENABLE_TESTABILITY = YES;
				GCC_C_LANGUAGE_STANDARD = gnu11;
				GCC_DYNAMIC_NO_PIC = NO;
				GCC_NO_COMMON_BLOCKS = YES;
				GCC_OPTIMIZATION_LEVEL = 0;
				GCC_PREPROCESSOR_DEFINITIONS = (
					"DEBUG=1",
					"$(inherited)",
				);
				GCC_WARN_64_TO_32_BIT_CONVERSION = YES;
				GCC_WARN_ABOUT_RETURN_TYPE = YES_ERROR;
				GCC_WARN_UNDECLARED_SELECTOR = YES;
				GCC_WARN_UNINITIALIZED_AUTOS = YES_AGGRESSIVE;
				GCC_WARN_UNUSED_FUNCTION = YES;
				GCC_WARN_UNUSED_VARIABLE = YES;
				IPHONEOS_DEPLOYMENT_TARGET = 13.2;
				MTL_ENABLE_DEBUG_INFO = INCLUDE_SOURCE;
				MTL_FAST_MATH = YES;
				ONLY_ACTIVE_ARCH = YES;
				SDKROOT = iphoneos;
				SWIFT_ACTIVE_COMPILATION_CONDITIONS = DEBUG;
				SWIFT_OPTIMIZATION_LEVEL = "-Onone";
			};
			name = Debug;
		};
		E16D33E723D704A3005D2CF1 /* Release */ = {
			isa = XCBuildConfiguration;
			buildSettings = {
				ALWAYS_SEARCH_USER_PATHS = NO;
				CLANG_ANALYZER_NONNULL = YES;
				CLANG_ANALYZER_NUMBER_OBJECT_CONVERSION = YES_AGGRESSIVE;
				CLANG_CXX_LANGUAGE_STANDARD = "gnu++14";
				CLANG_CXX_LIBRARY = "libc++";
				CLANG_ENABLE_MODULES = YES;
				CLANG_ENABLE_OBJC_ARC = YES;
				CLANG_ENABLE_OBJC_WEAK = YES;
				CLANG_WARN_BLOCK_CAPTURE_AUTORELEASING = YES;
				CLANG_WARN_BOOL_CONVERSION = YES;
				CLANG_WARN_COMMA = YES;
				CLANG_WARN_CONSTANT_CONVERSION = YES;
				CLANG_WARN_DEPRECATED_OBJC_IMPLEMENTATIONS = YES;
				CLANG_WARN_DIRECT_OBJC_ISA_USAGE = YES_ERROR;
				CLANG_WARN_DOCUMENTATION_COMMENTS = YES;
				CLANG_WARN_EMPTY_BODY = YES;
				CLANG_WARN_ENUM_CONVERSION = YES;
				CLANG_WARN_INFINITE_RECURSION = YES;
				CLANG_WARN_INT_CONVERSION = YES;
				CLANG_WARN_NON_LITERAL_NULL_CONVERSION = YES;
				CLANG_WARN_OBJC_IMPLICIT_RETAIN_SELF = YES;
				CLANG_WARN_OBJC_LITERAL_CONVERSION = YES;
				CLANG_WARN_OBJC_ROOT_CLASS = YES_ERROR;
				CLANG_WARN_RANGE_LOOP_ANALYSIS = YES;
				CLANG_WARN_STRICT_PROTOTYPES = YES;
				CLANG_WARN_SUSPICIOUS_MOVE = YES;
				CLANG_WARN_UNGUARDED_AVAILABILITY = YES_AGGRESSIVE;
				CLANG_WARN_UNREACHABLE_CODE = YES;
				CLANG_WARN__DUPLICATE_METHOD_MATCH = YES;
				COPY_PHASE_STRIP = NO;
				DEBUG_INFORMATION_FORMAT = "dwarf-with-dsym";
				ENABLE_NS_ASSERTIONS = NO;
				ENABLE_STRICT_OBJC_MSGSEND = YES;
				GCC_C_LANGUAGE_STANDARD = gnu11;
				GCC_NO_COMMON_BLOCKS = YES;
				GCC_WARN_64_TO_32_BIT_CONVERSION = YES;
				GCC_WARN_ABOUT_RETURN_TYPE = YES_ERROR;
				GCC_WARN_UNDECLARED_SELECTOR = YES;
				GCC_WARN_UNINITIALIZED_AUTOS = YES_AGGRESSIVE;
				GCC_WARN_UNUSED_FUNCTION = YES;
				GCC_WARN_UNUSED_VARIABLE = YES;
				IPHONEOS_DEPLOYMENT_TARGET = 13.2;
				MTL_ENABLE_DEBUG_INFO = NO;
				MTL_FAST_MATH = YES;
				SDKROOT = iphoneos;
				SWIFT_COMPILATION_MODE = wholemodule;
				SWIFT_OPTIMIZATION_LEVEL = "-O";
				VALIDATE_PRODUCT = YES;
			};
			name = Release;
		};
		E16D33E923D704A3005D2CF1 /* Debug */ = {
			isa = XCBuildConfiguration;
			buildSettings = {
				ASSETCATALOG_COMPILER_APPICON_NAME = AppIcon;
				CODE_SIGN_STYLE = Automatic;
				DEVELOPMENT_TEAM = 8A22CN874M;
				INFOPLIST_FILE = "Test Window View/Info.plist";
				LD_RUNPATH_SEARCH_PATHS = (
					"$(inherited)",
					"@executable_path/Frameworks",
				);
				PRODUCT_BUNDLE_IDENTIFIER = "me.aquis.Test-Window-View";
				PRODUCT_NAME = "$(TARGET_NAME)";
				SWIFT_VERSION = 5.0;
				TARGETED_DEVICE_FAMILY = "1,2";
			};
			name = Debug;
		};
		E16D33EA23D704A3005D2CF1 /* Release */ = {
			isa = XCBuildConfiguration;
			buildSettings = {
				ASSETCATALOG_COMPILER_APPICON_NAME = AppIcon;
				CODE_SIGN_STYLE = Automatic;
				DEVELOPMENT_TEAM = 8A22CN874M;
				INFOPLIST_FILE = "Test Window View/Info.plist";
				LD_RUNPATH_SEARCH_PATHS = (
					"$(inherited)",
					"@executable_path/Frameworks",
				);
				PRODUCT_BUNDLE_IDENTIFIER = "me.aquis.Test-Window-View";
				PRODUCT_NAME = "$(TARGET_NAME)";
				SWIFT_VERSION = 5.0;
				TARGETED_DEVICE_FAMILY = "1,2";
			};
			name = Release;
		};
/* End XCBuildConfiguration section */

/* Begin XCConfigurationList section */
		E16D33CF23D704A2005D2CF1 /* Build configuration list for PBXProject "Test Window View" */ = {
			isa = XCConfigurationList;
			buildConfigurations = (
				E16D33E623D704A3005D2CF1 /* Debug */,
				E16D33E723D704A3005D2CF1 /* Release */,
			);
			defaultConfigurationIsVisible = 0;
			defaultConfigurationName = Release;
		};
		E16D33E823D704A3005D2CF1 /* Build configuration list for PBXNativeTarget "Test Window View" */ = {
			isa = XCConfigurationList;
			buildConfigurations = (
				E16D33E923D704A3005D2CF1 /* Debug */,
				E16D33EA23D704A3005D2CF1 /* Release */,
			);
			defaultConfigurationIsVisible = 0;
			defaultConfigurationName = Release;
		};
/* End XCConfigurationList section */
	};
	rootObject = E16D33CC23D704A2005D2CF1 /* Project object */;
}
